
Microsoft Visual Studio Solution File, Format Version 12.00
# Visual Studio Version 17
VisualStudioVersion = 17.11.35431.28
MinimumVisualStudioVersion = 10.0.40219.1
Project("{FAE04EC0-301F-11D3-BF4B-00C04F79EFBC}") = "YummyProject", "YummyProject\YummyProject.csproj", "{4B2695F2-D731-4DB4-A1F6-072725993938}"
EndProject
Global
	GlobalSection(SolutionConfigurationPlatforms) = preSolution
		Debug|Any CPU = Debug|Any CPU
		Release|Any CPU = Release|Any CPU
	EndGlobalSection
	GlobalSection(ProjectConfigurationPlatforms) = postSolution
		{4B2695F2-D731-4DB4-A1F6-072725993938}.Debug|Any CPU.ActiveCfg = Debug|Any CPU
		{4B2695F2-D731-4DB4-A1F6-072725993938}.Debug|Any CPU.Build.0 = Debug|Any CPU
		{4B2695F2-D731-4DB4-A1F6-072725993938}.Release|Any CPU.ActiveCfg = Release|Any CPU
		{4B2695F2-D731-4DB4-A1F6-072725993938}.Release|Any CPU.Build.0 = Release|Any CPU
	EndGlobalSection
	GlobalSection(SolutionProperties) = preSolution
		HideSolutionNode = FALSE
	EndGlobalSection
	GlobalSection(ExtensibilityGlobals) = postSolution
		SolutionGuid = {49408C27-8C92-45DF-921F-9C9DEDC1C559}
	EndGlobalSection
EndGlobal
